
Microsoft Visual Studio Solution File, Format Version 12.00
# Visual Studio 15
VisualStudioVersion = 15.0.27130.2036
MinimumVisualStudioVersion = 10.0.40219.1
Project("{9A19103F-16F7-4668-BE54-9A1E7A4F7556}") = "ContosoUniversityCore", "ContosoUniversityCore\ContosoUniversityCore.csproj", "{D37309EB-9B73-49B7-B9F1-9059724B3F1C}"
EndProject
Project("{FAE04EC0-301F-11D3-BF4B-00C04F79EFBC}") = "ContosoUniversityFull", "ContosoUniversityFull\ContosoUniversityFull.csproj", "{264E21D6-4024-4A53-B1BE-1CD42F3348FE}"
EndProject
Project("{2150E333-8FDC-42A3-9474-1A3956D46DE8}") = "PatternVersions", "PatternVersions", "{7F4B6E3E-F47F-4C21-8ACF-1AD81D6DFDB2}"
EndProject
Project("{2150E333-8FDC-42A3-9474-1A3956D46DE8}") = "LoadTest", "LoadTest", "{FB6FA8D8-BF07-4B72-99B3-EFF4351495C1}"
EndProject
Global
	GlobalSection(SolutionConfigurationPlatforms) = preSolution
		Debug|Any CPU = Debug|Any CPU
		Release|Any CPU = Release|Any CPU
	EndGlobalSection
	GlobalSection(ProjectConfigurationPlatforms) = postSolution
		{D37309EB-9B73-49B7-B9F1-9059724B3F1C}.Debug|Any CPU.ActiveCfg = Debug|Any CPU
		{D37309EB-9B73-49B7-B9F1-9059724B3F1C}.Debug|Any CPU.Build.0 = Debug|Any CPU
		{D37309EB-9B73-49B7-B9F1-9059724B3F1C}.Release|Any CPU.ActiveCfg = Release|Any CPU
		{D37309EB-9B73-49B7-B9F1-9059724B3F1C}.Release|Any CPU.Build.0 = Release|Any CPU
		{264E21D6-4024-4A53-B1BE-1CD42F3348FE}.Debug|Any CPU.ActiveCfg = Debug|Any CPU
		{264E21D6-4024-4A53-B1BE-1CD42F3348FE}.Debug|Any CPU.Build.0 = Debug|Any CPU
		{264E21D6-4024-4A53-B1BE-1CD42F3348FE}.Release|Any CPU.ActiveCfg = Release|Any CPU
		{264E21D6-4024-4A53-B1BE-1CD42F3348FE}.Release|Any CPU.Build.0 = Release|Any CPU
	EndGlobalSection
	GlobalSection(SolutionProperties) = preSolution
		HideSolutionNode = FALSE
	EndGlobalSection
	GlobalSection(ExtensibilityGlobals) = postSolution
		SolutionGuid = {8122AAC8-9217-4B42-B3A2-B890482901AB}
	EndGlobalSection
EndGlobal
